{
    "_readme": [
        "This file locks the dependencies of your project to a known state",
        "Read more about it at https://getcomposer.org/doc/01-basic-usage.md#composer-lock-the-lock-file",
        "This file is @generated automatically"
    ],
    "hash": "09861c3555e7ed238e3d89e6a49a2822",
    "content-hash": "942bd3ab33088d236e857b89608efd94",
    "packages": [
        {
            "name": "oktopost/objection",
            "version": "dev-master",
            "source": {
                "type": "git",
                "url": "https://github.com/Oktopost/Objection.git",
                "reference": "a8d84b322c97ac8e86d5ca475f4701b2f2ff4b4c"
            },
            "dist": {
                "type": "zip",
                "url": "https://api.github.com/repos/Oktopost/Objection/zipball/a8d84b322c97ac8e86d5ca475f4701b2f2ff4b4c",
                "reference": "a8d84b322c97ac8e86d5ca475f4701b2f2ff4b4c",
                "shasum": ""
            },
            "require": {
                "php": ">=5.5"
            },
            "type": "library",
            "autoload": {
                "psr-0": {
                    "Objection": "src"
                }
            },
            "notification-url": "https://packagist.org/downloads/",
            "license": [
                "MIT"
            ],
            "authors": [
                {
                    "name": "Alexey Puchkov",
                    "email": "alexey@oktopost.com",
                    "role": "Developer"
                }
            ],
            "description": "Objects in PHP",
            "homepage": "https://github.com/Oktopost/Objection",
            "time": "2016-03-17 16:19:43"
        }
    ],
    "packages-dev": [],
    "aliases": [],
    "minimum-stability": "dev",
    "stability-flags": {
        "oktopost/objection": 20
    },
    "prefer-stable": false,
    "prefer-lowest": false,
    "platform": {
        "php": ">=5.5"
    },
    "platform-dev": []
}
